
Microsoft Visual Studio Solution File, Format Version 12.00
# Visual Studio Version 17
VisualStudioVersion = 17.0.31903.59
MinimumVisualStudioVersion = 10.0.40219.1
Project("{2150E333-8FDC-42A3-9474-1A3956D46DE8}") = "tests", "tests", "{77B913A5-D10C-4254-B6DB-C41243F87DB4}"
EndProject
Project("{2150E333-8FDC-42A3-9474-1A3956D46DE8}") = "src", "src", "{858E4050-4A34-4CB7-8694-7B98883A66C6}"
EndProject
Project("{FAE04EC0-301F-11D3-BF4B-00C04F79EFBC}") = "Restaurants.API", "src\Restaurants.API\Restaurants.API.csproj", "{894C73B5-616F-430F-9555-06A3CD024C64}"
EndProject
Project("{FAE04EC0-301F-11D3-BF4B-00C04F79EFBC}") = "Restaurants.Application", "src\Restaurants.Application\Restaurants.Application.csproj", "{A92395BD-D063-4120-93DB-ED03C04A08AA}"
EndProject
Project("{FAE04EC0-301F-11D3-BF4B-00C04F79EFBC}") = "Restaurants.Domain", "src\Restaurants.Domain\Restaurants.Domain.csproj", "{34E79BDC-1595-43F6-A3CC-DB59C702838E}"
EndProject
Project("{FAE04EC0-301F-11D3-BF4B-00C04F79EFBC}") = "Restaurants.Infrastructure", "src\Restaurants.Infrastructure\Restaurants.Infrastructure.csproj", "{582EA4E4-0D4B-4DEA-8F65-0ED95E6AECB3}"
EndProject
Project("{FAE04EC0-301F-11D3-BF4B-00C04F79EFBC}") = "Restaurants.APITests", "tests\Restaurants.APITests\Restaurants.APITests.csproj", "{914150CB-E09D-454A-B7DB-C15B5FE5585F}"
EndProject
Project("{FAE04EC0-301F-11D3-BF4B-00C04F79EFBC}") = "Restaurants.ApplicationTests1", "tests\Restaurants.ApplicationTests1\Restaurants.ApplicationTests1.csproj", "{F9C8C54C-FA25-442D-8214-453487280F19}"
EndProject
Project("{FAE04EC0-301F-11D3-BF4B-00C04F79EFBC}") = "Restaurants.InfrastructureTests", "tests\Restaurants.InfrastructureTests\Restaurants.InfrastructureTests.csproj", "{5FECEE9E-BA91-4F0D-8F66-EA68B94F1AA0}"
EndProject
Global
	GlobalSection(SolutionConfigurationPlatforms) = preSolution
		Debug|Any CPU = Debug|Any CPU
		Release|Any CPU = Release|Any CPU
	EndGlobalSection
	GlobalSection(ProjectConfigurationPlatforms) = postSolution
		{894C73B5-616F-430F-9555-06A3CD024C64}.Debug|Any CPU.ActiveCfg = Debug|Any CPU
		{894C73B5-616F-430F-9555-06A3CD024C64}.Debug|Any CPU.Build.0 = Debug|Any CPU
		{894C73B5-616F-430F-9555-06A3CD024C64}.Release|Any CPU.ActiveCfg = Release|Any CPU
		{894C73B5-616F-430F-9555-06A3CD024C64}.Release|Any CPU.Build.0 = Release|Any CPU
		{A92395BD-D063-4120-93DB-ED03C04A08AA}.Debug|Any CPU.ActiveCfg = Debug|Any CPU
		{A92395BD-D063-4120-93DB-ED03C04A08AA}.Debug|Any CPU.Build.0 = Debug|Any CPU
		{A92395BD-D063-4120-93DB-ED03C04A08AA}.Release|Any CPU.ActiveCfg = Release|Any CPU
		{A92395BD-D063-4120-93DB-ED03C04A08AA}.Release|Any CPU.Build.0 = Release|Any CPU
		{34E79BDC-1595-43F6-A3CC-DB59C702838E}.Debug|Any CPU.ActiveCfg = Debug|Any CPU
		{34E79BDC-1595-43F6-A3CC-DB59C702838E}.Debug|Any CPU.Build.0 = Debug|Any CPU
		{34E79BDC-1595-43F6-A3CC-DB59C702838E}.Release|Any CPU.ActiveCfg = Release|Any CPU
		{34E79BDC-1595-43F6-A3CC-DB59C702838E}.Release|Any CPU.Build.0 = Release|Any CPU
		{582EA4E4-0D4B-4DEA-8F65-0ED95E6AECB3}.Debug|Any CPU.ActiveCfg = Debug|Any CPU
		{582EA4E4-0D4B-4DEA-8F65-0ED95E6AECB3}.Debug|Any CPU.Build.0 = Debug|Any CPU
		{582EA4E4-0D4B-4DEA-8F65-0ED95E6AECB3}.Release|Any CPU.ActiveCfg = Release|Any CPU
		{582EA4E4-0D4B-4DEA-8F65-0ED95E6AECB3}.Release|Any CPU.Build.0 = Release|Any CPU
		{914150CB-E09D-454A-B7DB-C15B5FE5585F}.Debug|Any CPU.ActiveCfg = Debug|Any CPU
		{914150CB-E09D-454A-B7DB-C15B5FE5585F}.Debug|Any CPU.Build.0 = Debug|Any CPU
		{914150CB-E09D-454A-B7DB-C15B5FE5585F}.Release|Any CPU.ActiveCfg = Release|Any CPU
		{914150CB-E09D-454A-B7DB-C15B5FE5585F}.Release|Any CPU.Build.0 = Release|Any CPU
		{F9C8C54C-FA25-442D-8214-453487280F19}.Debug|Any CPU.ActiveCfg = Debug|Any CPU
		{F9C8C54C-FA25-442D-8214-453487280F19}.Debug|Any CPU.Build.0 = Debug|Any CPU
		{F9C8C54C-FA25-442D-8214-453487280F19}.Release|Any CPU.ActiveCfg = Release|Any CPU
		{F9C8C54C-FA25-442D-8214-453487280F19}.Release|Any CPU.Build.0 = Release|Any CPU
		{5FECEE9E-BA91-4F0D-8F66-EA68B94F1AA0}.Debug|Any CPU.ActiveCfg = Debug|Any CPU
		{5FECEE9E-BA91-4F0D-8F66-EA68B94F1AA0}.Debug|Any CPU.Build.0 = Debug|Any CPU
		{5FECEE9E-BA91-4F0D-8F66-EA68B94F1AA0}.Release|Any CPU.ActiveCfg = Release|Any CPU
		{5FECEE9E-BA91-4F0D-8F66-EA68B94F1AA0}.Release|Any CPU.Build.0 = Release|Any CPU
	EndGlobalSection
	GlobalSection(SolutionProperties) = preSolution
		HideSolutionNode = FALSE
	EndGlobalSection
	GlobalSection(NestedProjects) = preSolution
		{894C73B5-616F-430F-9555-06A3CD024C64} = {858E4050-4A34-4CB7-8694-7B98883A66C6}
		{A92395BD-D063-4120-93DB-ED03C04A08AA} = {858E4050-4A34-4CB7-8694-7B98883A66C6}
		{34E79BDC-1595-43F6-A3CC-DB59C702838E} = {858E4050-4A34-4CB7-8694-7B98883A66C6}
		{582EA4E4-0D4B-4DEA-8F65-0ED95E6AECB3} = {858E4050-4A34-4CB7-8694-7B98883A66C6}
		{914150CB-E09D-454A-B7DB-C15B5FE5585F} = {77B913A5-D10C-4254-B6DB-C41243F87DB4}
		{F9C8C54C-FA25-442D-8214-453487280F19} = {77B913A5-D10C-4254-B6DB-C41243F87DB4}
		{5FECEE9E-BA91-4F0D-8F66-EA68B94F1AA0} = {77B913A5-D10C-4254-B6DB-C41243F87DB4}
	EndGlobalSection
EndGlobal
